
Microsoft Visual Studio Solution File, Format Version 12.00
# Visual Studio 2015
Project("{FAE04EC0-301F-11D3-BF4B-00C04F79EFBC}") = "necromancer.CSharp.Plugins", "necromancer.CSharp.Plugins.csproj", "{83924D83-BC53-D616-2113-46A79737106E}"
EndProject
Project("{FAE04EC0-301F-11D3-BF4B-00C04F79EFBC}") = "necromancer.CSharp", "necromancer.CSharp.csproj", "{BC810541-A69E-C2D9-7F78-5B4B4D35C4C1}"
EndProject
Project("{FAE04EC0-301F-11D3-BF4B-00C04F79EFBC}") = "necromancer.CSharp.Editor", "necromancer.CSharp.Editor.csproj", "{2E7BE6C3-DE52-F88E-543A-9FB847F2CD87}"
EndProject
Global
	GlobalSection(SolutionConfigurationPlatforms) = preSolution
		Debug|Any CPU = Debug|Any CPU
		Release|Any CPU = Release|Any CPU
	EndGlobalSection
	GlobalSection(ProjectConfigurationPlatforms) = postSolution
		{83924D83-BC53-D616-2113-46A79737106E}.Debug|Any CPU.ActiveCfg = Debug|Any CPU
		{83924D83-BC53-D616-2113-46A79737106E}.Debug|Any CPU.Build.0 = Debug|Any CPU
		{83924D83-BC53-D616-2113-46A79737106E}.Release|Any CPU.ActiveCfg = Release|Any CPU
		{83924D83-BC53-D616-2113-46A79737106E}.Release|Any CPU.Build.0 = Release|Any CPU
		{BC810541-A69E-C2D9-7F78-5B4B4D35C4C1}.Debug|Any CPU.ActiveCfg = Debug|Any CPU
		{BC810541-A69E-C2D9-7F78-5B4B4D35C4C1}.Debug|Any CPU.Build.0 = Debug|Any CPU
		{BC810541-A69E-C2D9-7F78-5B4B4D35C4C1}.Release|Any CPU.ActiveCfg = Release|Any CPU
		{BC810541-A69E-C2D9-7F78-5B4B4D35C4C1}.Release|Any CPU.Build.0 = Release|Any CPU
		{2E7BE6C3-DE52-F88E-543A-9FB847F2CD87}.Debug|Any CPU.ActiveCfg = Debug|Any CPU
		{2E7BE6C3-DE52-F88E-543A-9FB847F2CD87}.Debug|Any CPU.Build.0 = Debug|Any CPU
		{2E7BE6C3-DE52-F88E-543A-9FB847F2CD87}.Release|Any CPU.ActiveCfg = Release|Any CPU
		{2E7BE6C3-DE52-F88E-543A-9FB847F2CD87}.Release|Any CPU.Build.0 = Release|Any CPU
	EndGlobalSection
	GlobalSection(SolutionProperties) = preSolution
		HideSolutionNode = FALSE
	EndGlobalSection
EndGlobal
